// !$*UTF8*$!
{
	archiveVersion = 1;
	classes = {
	};
	objectVersion = 56;
	objects = {

/* Begin PBXBuildFile section */
		413CA72E2A1A6BDD00818D03 /* BudgetPalApp.swift in Sources */ = {isa = PBXBuildFile; fileRef = 413CA72D2A1A6BDD00818D03 /* BudgetPalApp.swift */; };
		413CA7302A1A6BDD00818D03 /* ContentView.swift in Sources */ = {isa = PBXBuildFile; fileRef = 413CA72F2A1A6BDD00818D03 /* ContentView.swift */; };
		413CA7322A1A6BDF00818D03 /* Assets.xcassets in Resources */ = {isa = PBXBuildFile; fileRef = 413CA7312A1A6BDF00818D03 /* Assets.xcassets */; };
		413CA7352A1A6BDF00818D03 /* Preview Assets.xcassets in Resources */ = {isa = PBXBuildFile; fileRef = 413CA7342A1A6BDF00818D03 /* Preview Assets.xcassets */; };
		413CA73F2A1A6BDF00818D03 /* BudgetPalTests.swift in Sources */ = {isa = PBXBuildFile; fileRef = 413CA73E2A1A6BDF00818D03 /* BudgetPalTests.swift */; };
		413CA7492A1A6BDF00818D03 /* BudgetPalUITests.swift in Sources */ = {isa = PBXBuildFile; fileRef = 413CA7482A1A6BDF00818D03 /* BudgetPalUITests.swift */; };
		413CA74B2A1A6BDF00818D03 /* BudgetPalUITestsLaunchTests.swift in Sources */ = {isa = PBXBuildFile; fileRef = 413CA74A2A1A6BDF00818D03 /* BudgetPalUITestsLaunchTests.swift */; };
/* End PBXBuildFile section */

/* Begin PBXContainerItemProxy section */
		413CA73B2A1A6BDF00818D03 /* PBXContainerItemProxy */ = {
			isa = PBXContainerItemProxy;
			containerPortal = 413CA7222A1A6BDD00818D03 /* Project object */;
			proxyType = 1;
			remoteGlobalIDString = 413CA7292A1A6BDD00818D03;
			remoteInfo = BudgetPal;
		};
		413CA7452A1A6BDF00818D03 /* PBXContainerItemProxy */ = {
			isa = PBXContainerItemProxy;
			containerPortal = 413CA7222A1A6BDD00818D03 /* Project object */;
			proxyType = 1;
			remoteGlobalIDString = 413CA7292A1A6BDD00818D03;
			remoteInfo = BudgetPal;
		};
/* End PBXContainerItemProxy section */

/* Begin PBXFileReference section */
		413CA72A2A1A6BDD00818D03 /* BudgetPal.app */ = {isa = PBXFileReference; explicitFileType = wrapper.application; includeInIndex = 0; path = BudgetPal.app; sourceTree = BUILT_PRODUCTS_DIR; };
		413CA72D2A1A6BDD00818D03 /* BudgetPalApp.swift */ = {isa = PBXFileReference; lastKnownFileType = sourcecode.swift; path = BudgetPalApp.swift; sourceTree = "<group>"; };
		413CA72F2A1A6BDD00818D03 /* ContentView.swift */ = {isa = PBXFileReference; lastKnownFileType = sourcecode.swift; path = ContentView.swift; sourceTree = "<group>"; };
		413CA7312A1A6BDF00818D03 /* Assets.xcassets */ = {isa = PBXFileReference; lastKnownFileType = folder.assetcatalog; path = Assets.xcassets; sourceTree = "<group>"; };
		413CA7342A1A6BDF00818D03 /* Preview Assets.xcassets */ = {isa = PBXFileReference; lastKnownFileType = folder.assetcatalog; path = "Preview Assets.xcassets"; sourceTree = "<group>"; };
		413CA73A2A1A6BDF00818D03 /* BudgetPalTests.xctest */ = {isa = PBXFileReference; explicitFileType = wrapper.cfbundle; includeInIndex = 0; path = BudgetPalTests.xctest; sourceTree = BUILT_PRODUCTS_DIR; };
		413CA73E2A1A6BDF00818D03 /* BudgetPalTests.swift */ = {isa = PBXFileReference; lastKnownFileType = sourcecode.swift; path = BudgetPalTests.swift; sourceTree = "<group>"; };
		413CA7442A1A6BDF00818D03 /* BudgetPalUITests.xctest */ = {isa = PBXFileReference; explicitFileType = wrapper.cfbundle; includeInIndex = 0; path = BudgetPalUITests.xctest; sourceTree = BUILT_PRODUCTS_DIR; };
		413CA7482A1A6BDF00818D03 /* BudgetPalUITests.swift */ = {isa = PBXFileReference; lastKnownFileType = sourcecode.swift; path = BudgetPalUITests.swift; sourceTree = "<group>"; };
		413CA74A2A1A6BDF00818D03 /* BudgetPalUITestsLaunchTests.swift */ = {isa = PBXFileReference; lastKnownFileType = sourcecode.swift; path = BudgetPalUITestsLaunchTests.swift; sourceTree = "<group>"; };
/* End PBXFileReference section */

/* Begin PBXFrameworksBuildPhase section */
		413CA7272A1A6BDD00818D03 /* Frameworks */ = {
			isa = PBXFrameworksBuildPhase;
			buildActionMask = 2147483647;
			files = (
			);
			runOnlyForDeploymentPostprocessing = 0;
		};
		413CA7372A1A6BDF00818D03 /* Frameworks */ = {
			isa = PBXFrameworksBuildPhase;
			buildActionMask = 2147483647;
			files = (
			);
			runOnlyForDeploymentPostprocessing = 0;
		};
		413CA7412A1A6BDF00818D03 /* Frameworks */ = {
			isa = PBXFrameworksBuildPhase;
			buildActionMask = 2147483647;
			files = (
			);
			runOnlyForDeploymentPostprocessing = 0;
		};
/* End PBXFrameworksBuildPhase section */

/* Begin PBXGroup section */
		413CA7212A1A6BDD00818D03 = {
			isa = PBXGroup;
			children = (
				413CA72C2A1A6BDD00818D03 /* BudgetPal */,
				413CA73D2A1A6BDF00818D03 /* BudgetPalTests */,
				413CA7472A1A6BDF00818D03 /* BudgetPalUITests */,
				413CA72B2A1A6BDD00818D03 /* Products */,
			);
			sourceTree = "<group>";
		};
		413CA72B2A1A6BDD00818D03 /* Products */ = {
			isa = PBXGroup;
			children = (
				413CA72A2A1A6BDD00818D03 /* BudgetPal.app */,
				413CA73A2A1A6BDF00818D03 /* BudgetPalTests.xctest */,
				413CA7442A1A6BDF00818D03 /* BudgetPalUITests.xctest */,
			);
			name = Products;
			sourceTree = "<group>";
		};
		413CA72C2A1A6BDD00818D03 /* BudgetPal */ = {
			isa = PBXGroup;
			children = (
				413CA72D2A1A6BDD00818D03 /* BudgetPalApp.swift */,
				413CA72F2A1A6BDD00818D03 /* ContentView.swift */,
				413CA7312A1A6BDF00818D03 /* Assets.xcassets */,
				413CA7332A1A6BDF00818D03 /* Preview Content */,
			);
			path = BudgetPal;
			sourceTree = "<group>";
		};
		413CA7332A1A6BDF00818D03 /* Preview Content */ = {
			isa = PBXGroup;
			children = (
				413CA7342A1A6BDF00818D03 /* Preview Assets.xcassets */,
			);
			path = "Preview Content";
			sourceTree = "<group>";
		};
		413CA73D2A1A6BDF00818D03 /* BudgetPalTests */ = {
			isa = PBXGroup;
			children = (
				413CA73E2A1A6BDF00818D03 /* BudgetPalTests.swift */,
			);
			path = BudgetPalTests;
			sourceTree = "<group>";
		};
		413CA7472A1A6BDF00818D03 /* BudgetPalUITests */ = {
			isa = PBXGroup;
			children = (
				413CA7482A1A6BDF00818D03 /* BudgetPalUITests.swift */,
				413CA74A2A1A6BDF00818D03 /* BudgetPalUITestsLaunchTests.swift */,
			);
			path = BudgetPalUITests;
			sourceTree = "<group>";
		};
/* End PBXGroup section */

/* Begin PBXNativeTarget section */
		413CA7292A1A6BDD00818D03 /* BudgetPal */ = {
			isa = PBXNativeTarget;
			buildConfigurationList = 413CA74E2A1A6BDF00818D03 /* Build configuration list for PBXNativeTarget "BudgetPal" */;
			buildPhases = (
				413CA7262A1A6BDD00818D03 /* Sources */,
				413CA7272A1A6BDD00818D03 /* Frameworks */,
				413CA7282A1A6BDD00818D03 /* Resources */,
			);
			buildRules = (
			);
			dependencies = (
			);
			name = BudgetPal;
			productName = BudgetPal;
			productReference = 413CA72A2A1A6BDD00818D03 /* BudgetPal.app */;
			productType = "com.apple.product-type.application";
		};
		413CA7392A1A6BDF00818D03 /* BudgetPalTests */ = {
			isa = PBXNativeTarget;
			buildConfigurationList = 413CA7512A1A6BDF00818D03 /* Build configuration list for PBXNativeTarget "BudgetPalTests" */;
			buildPhases = (
				413CA7362A1A6BDF00818D03 /* Sources */,
				413CA7372A1A6BDF00818D03 /* Frameworks */,
				413CA7382A1A6BDF00818D03 /* Resources */,
			);
			buildRules = (
			);
			dependencies = (
				413CA73C2A1A6BDF00818D03 /* PBXTargetDependency */,
			);
			name = BudgetPalTests;
			productName = BudgetPalTests;
			productReference = 413CA73A2A1A6BDF00818D03 /* BudgetPalTests.xctest */;
			productType = "com.apple.product-type.bundle.unit-test";
		};
		413CA7432A1A6BDF00818D03 /* BudgetPalUITests */ = {
			isa = PBXNativeTarget;
			buildConfigurationList = 413CA7542A1A6BDF00818D03 /* Build configuration list for PBXNativeTarget "BudgetPalUITests" */;
			buildPhases = (
				413CA7402A1A6BDF00818D03 /* Sources */,
				413CA7412A1A6BDF00818D03 /* Frameworks */,
				413CA7422A1A6BDF00818D03 /* Resources */,
			);
			buildRules = (
			);
			dependencies = (
				413CA7462A1A6BDF00818D03 /* PBXTargetDependency */,
			);
			name = BudgetPalUITests;
			productName = BudgetPalUITests;
			productReference = 413CA7442A1A6BDF00818D03 /* BudgetPalUITests.xctest */;
			productType = "com.apple.product-type.bundle.ui-testing";
		};
/* End PBXNativeTarget section */

/* Begin PBXProject section */
		413CA7222A1A6BDD00818D03 /* Project object */ = {
			isa = PBXProject;
			attributes = {
				BuildIndependentTargetsInParallel = 1;
				LastSwiftUpdateCheck = 1430;
				LastUpgradeCheck = 1430;
				TargetAttributes = {
					413CA7292A1A6BDD00818D03 = {
						CreatedOnToolsVersion = 14.3;
					};
					413CA7392A1A6BDF00818D03 = {
						CreatedOnToolsVersion = 14.3;
						TestTargetID = 413CA7292A1A6BDD00818D03;
					};
					413CA7432A1A6BDF00818D03 = {
						CreatedOnToolsVersion = 14.3;
						TestTargetID = 413CA7292A1A6BDD00818D03;
					};
				};
			};
			buildConfigurationList = 413CA7252A1A6BDD00818D03 /* Build configuration list for PBXProject "BudgetPal" */;
			compatibilityVersion = "Xcode 14.0";
			developmentRegion = en;
			hasScannedForEncodings = 0;
			knownRegions = (
				en,
				Base,
			);
			mainGroup = 413CA7212A1A6BDD00818D03;
			productRefGroup = 413CA72B2A1A6BDD00818D03 /* Products */;
			projectDirPath = "";
			projectRoot = "";
			targets = (
				413CA7292A1A6BDD00818D03 /* BudgetPal */,
				413CA7392A1A6BDF00818D03 /* BudgetPalTests */,
				413CA7432A1A6BDF00818D03 /* BudgetPalUITests */,
			);
		};
/* End PBXProject section */

/* Begin PBXResourcesBuildPhase section */
		413CA7282A1A6BDD00818D03 /* Resources */ = {
			isa = PBXResourcesBuildPhase;
			buildActionMask = 2147483647;
			files = (
				413CA7352A1A6BDF00818D03 /* Preview Assets.xcassets in Resources */,
				413CA7322A1A6BDF00818D03 /* Assets.xcassets in Resources */,
			);
			runOnlyForDeploymentPostprocessing = 0;
		};
		413CA7382A1A6BDF00818D03 /* Resources */ = {
			isa = PBXResourcesBuildPhase;
			buildActionMask = 2147483647;
			files = (
			);
			runOnlyForDeploymentPostprocessing = 0;
		};
		413CA7422A1A6BDF00818D03 /* Resources */ = {
			isa = PBXResourcesBuildPhase;
			buildActionMask = 2147483647;
			files = (
			);
			runOnlyForDeploymentPostprocessing = 0;
		};
/* End PBXResourcesBuildPhase section */

/* Begin PBXSourcesBuildPhase section */
		413CA7262A1A6BDD00818D03 /* Sources */ = {
			isa = PBXSourcesBuildPhase;
			buildActionMask = 2147483647;
			files = (
				413CA7302A1A6BDD00818D03 /* ContentView.swift in Sources */,
				413CA72E2A1A6BDD00818D03 /* BudgetPalApp.swift in Sources */,
			);
			runOnlyForDeploymentPostprocessing = 0;
		};
		413CA7362A1A6BDF00818D03 /* Sources */ = {
			isa = PBXSourcesBuildPhase;
			buildActionMask = 2147483647;
			files = (
				413CA73F2A1A6BDF00818D03 /* BudgetPalTests.swift in Sources */,
			);
			runOnlyForDeploymentPostprocessing = 0;
		};
		413CA7402A1A6BDF00818D03 /* Sources */ = {
			isa = PBXSourcesBuildPhase;
			buildActionMask = 2147483647;
			files = (
				413CA7492A1A6BDF00818D03 /* BudgetPalUITests.swift in Sources */,
				413CA74B2A1A6BDF00818D03 /* BudgetPalUITestsLaunchTests.swift in Sources */,
			);
			runOnlyForDeploymentPostprocessing = 0;
		};
/* End PBXSourcesBuildPhase section */

/* Begin PBXTargetDependency section */
		413CA73C2A1A6BDF00818D03 /* PBXTargetDependency */ = {
			isa = PBXTargetDependency;
			target = 413CA7292A1A6BDD00818D03 /* BudgetPal */;
			targetProxy = 413CA73B2A1A6BDF00818D03 /* PBXContainerItemProxy */;
		};
		413CA7462A1A6BDF00818D03 /* PBXTargetDependency */ = {
			isa = PBXTargetDependency;
			target = 413CA7292A1A6BDD00818D03 /* BudgetPal */;
			targetProxy = 413CA7452A1A6BDF00818D03 /* PBXContainerItemProxy */;
		};
/* End PBXTargetDependency section */

/* Begin XCBuildConfiguration section */
		413CA74C2A1A6BDF00818D03 /* Debug */ = {
			isa = XCBuildConfiguration;
			buildSettings = {
				ALWAYS_SEARCH_USER_PATHS = NO;
				CLANG_ANALYZER_NONNULL = YES;
				CLANG_ANALYZER_NUMBER_OBJECT_CONVERSION = YES_AGGRESSIVE;
				CLANG_CXX_LANGUAGE_STANDARD = "gnu++20";
				CLANG_ENABLE_MODULES = YES;
				CLANG_ENABLE_OBJC_ARC = YES;
				CLANG_ENABLE_OBJC_WEAK = YES;
				CLANG_WARN_BLOCK_CAPTURE_AUTORELEASING = YES;
				CLANG_WARN_BOOL_CONVERSION = YES;
				CLANG_WARN_COMMA = YES;
				CLANG_WARN_CONSTANT_CONVERSION = YES;
				CLANG_WARN_DEPRECATED_OBJC_IMPLEMENTATIONS = YES;
				CLANG_WARN_DIRECT_OBJC_ISA_USAGE = YES_ERROR;
				CLANG_WARN_DOCUMENTATION_COMMENTS = YES;
				CLANG_WARN_EMPTY_BODY = YES;
				CLANG_WARN_ENUM_CONVERSION = YES;
				CLANG_WARN_INFINITE_RECURSION = YES;
				CLANG_WARN_INT_CONVERSION = YES;
				CLANG_WARN_NON_LITERAL_NULL_CONVERSION = YES;
				CLANG_WARN_OBJC_IMPLICIT_RETAIN_SELF = YES;
				CLANG_WARN_OBJC_LITERAL_CONVERSION = YES;
				CLANG_WARN_OBJC_ROOT_CLASS = YES_ERROR;
				CLANG_WARN_QUOTED_INCLUDE_IN_FRAMEWORK_HEADER = YES;
				CLANG_WARN_RANGE_LOOP_ANALYSIS = YES;
				CLANG_WARN_STRICT_PROTOTYPES = YES;
				CLANG_WARN_SUSPICIOUS_MOVE = YES;
				CLANG_WARN_UNGUARDED_AVAILABILITY = YES_AGGRESSIVE;
				CLANG_WARN_UNREACHABLE_CODE = YES;
				CLANG_WARN__DUPLICATE_METHOD_MATCH = YES;
				COPY_PHASE_STRIP = NO;
				DEBUG_INFORMATION_FORMAT = dwarf;
				ENABLE_STRICT_OBJC_MSGSEND = YES;
				ENABLE_TESTABILITY = YES;
				GCC_C_LANGUAGE_STANDARD = gnu11;
				GCC_DYNAMIC_NO_PIC = NO;
				GCC_NO_COMMON_BLOCKS = YES;
				GCC_OPTIMIZATION_LEVEL = 0;
				GCC_PREPROCESSOR_DEFINITIONS = (
					"DEBUG=1",
					"$(inherited)",
				);
				GCC_WARN_64_TO_32_BIT_CONVERSION = YES;
				GCC_WARN_ABOUT_RETURN_TYPE = YES_ERROR;
				GCC_WARN_UNDECLARED_SELECTOR = YES;
				GCC_WARN_UNINITIALIZED_AUTOS = YES_AGGRESSIVE;
				GCC_WARN_UNUSED_FUNCTION = YES;
				GCC_WARN_UNUSED_VARIABLE = YES;
				IPHONEOS_DEPLOYMENT_TARGET = 16.4;
				MTL_ENABLE_DEBUG_INFO = INCLUDE_SOURCE;
				MTL_FAST_MATH = YES;
				ONLY_ACTIVE_ARCH = YES;
				SDKROOT = iphoneos;
				SWIFT_ACTIVE_COMPILATION_CONDITIONS = DEBUG;
				SWIFT_OPTIMIZATION_LEVEL = "-Onone";
			};
			name = Debug;
		};
		413CA74D2A1A6BDF00818D03 /* Release */ = {
			isa = XCBuildConfiguration;
			buildSettings = {
				ALWAYS_SEARCH_USER_PATHS = NO;
				CLANG_ANALYZER_NONNULL = YES;
				CLANG_ANALYZER_NUMBER_OBJECT_CONVERSION = YES_AGGRESSIVE;
				CLANG_CXX_LANGUAGE_STANDARD = "gnu++20";
				CLANG_ENABLE_MODULES = YES;
				CLANG_ENABLE_OBJC_ARC = YES;
				CLANG_ENABLE_OBJC_WEAK = YES;
				CLANG_WARN_BLOCK_CAPTURE_AUTORELEASING = YES;
				CLANG_WARN_BOOL_CONVERSION = YES;
				CLANG_WARN_COMMA = YES;
				CLANG_WARN_CONSTANT_CONVERSION = YES;
				CLANG_WARN_DEPRECATED_OBJC_IMPLEMENTATIONS = YES;
				CLANG_WARN_DIRECT_OBJC_ISA_USAGE = YES_ERROR;
				CLANG_WARN_DOCUMENTATION_COMMENTS = YES;
				CLANG_WARN_EMPTY_BODY = YES;
				CLANG_WARN_ENUM_CONVERSION = YES;
				CLANG_WARN_INFINITE_RECURSION = YES;
				CLANG_WARN_INT_CONVERSION = YES;
				CLANG_WARN_NON_LITERAL_NULL_CONVERSION = YES;
				CLANG_WARN_OBJC_IMPLICIT_RETAIN_SELF = YES;
				CLANG_WARN_OBJC_LITERAL_CONVERSION = YES;
				CLANG_WARN_OBJC_ROOT_CLASS = YES_ERROR;
				CLANG_WARN_QUOTED_INCLUDE_IN_FRAMEWORK_HEADER = YES;
				CLANG_WARN_RANGE_LOOP_ANALYSIS = YES;
				CLANG_WARN_STRICT_PROTOTYPES = YES;
				CLANG_WARN_SUSPICIOUS_MOVE = YES;
				CLANG_WARN_UNGUARDED_AVAILABILITY = YES_AGGRESSIVE;
				CLANG_WARN_UNREACHABLE_CODE = YES;
				CLANG_WARN__DUPLICATE_METHOD_MATCH = YES;
				COPY_PHASE_STRIP = NO;
				DEBUG_INFORMATION_FORMAT = "dwarf-with-dsym";
				ENABLE_NS_ASSERTIONS = NO;
				ENABLE_STRICT_OBJC_MSGSEND = YES;
				GCC_C_LANGUAGE_STANDARD = gnu11;
				GCC_NO_COMMON_BLOCKS = YES;
				GCC_WARN_64_TO_32_BIT_CONVERSION = YES;
				GCC_WARN_ABOUT_RETURN_TYPE = YES_ERROR;
				GCC_WARN_UNDECLARED_SELECTOR = YES;
				GCC_WARN_UNINITIALIZED_AUTOS = YES_AGGRESSIVE;
				GCC_WARN_UNUSED_FUNCTION = YES;
				GCC_WARN_UNUSED_VARIABLE = YES;
				IPHONEOS_DEPLOYMENT_TARGET = 16.4;
				MTL_ENABLE_DEBUG_INFO = NO;
				MTL_FAST_MATH = YES;
				SDKROOT = iphoneos;
				SWIFT_COMPILATION_MODE = wholemodule;
				SWIFT_OPTIMIZATION_LEVEL = "-O";
				VALIDATE_PRODUCT = YES;
			};
			name = Release;
		};
		413CA74F2A1A6BDF00818D03 /* Debug */ = {
			isa = XCBuildConfiguration;
			buildSettings = {
				ASSETCATALOG_COMPILER_APPICON_NAME = AppIcon;
				ASSETCATALOG_COMPILER_GLOBAL_ACCENT_COLOR_NAME = AccentColor;
				CODE_SIGN_STYLE = Automatic;
				CURRENT_PROJECT_VERSION = 1;
				DEVELOPMENT_ASSET_PATHS = "\"BudgetPal/Preview Content\"";
				ENABLE_PREVIEWS = YES;
				GENERATE_INFOPLIST_FILE = YES;
				INFOPLIST_KEY_UIApplicationSceneManifest_Generation = YES;
				INFOPLIST_KEY_UIApplicationSupportsIndirectInputEvents = YES;
				INFOPLIST_KEY_UILaunchScreen_Generation = YES;
				INFOPLIST_KEY_UISupportedInterfaceOrientations_iPad = "UIInterfaceOrientationPortrait UIInterfaceOrientationPortraitUpsideDown UIInterfaceOrientationLandscapeLeft UIInterfaceOrientationLandscapeRight";
				INFOPLIST_KEY_UISupportedInterfaceOrientations_iPhone = "UIInterfaceOrientationPortrait UIInterfaceOrientationLandscapeLeft UIInterfaceOrientationLandscapeRight";
				LD_RUNPATH_SEARCH_PATHS = (
					"$(inherited)",
					"@executable_path/Frameworks",
				);
				MARKETING_VERSION = 1.0;
				PRODUCT_BUNDLE_IDENTIFIER = KulkaCorp.BudgetPal;
				PRODUCT_NAME = "$(TARGET_NAME)";
				SWIFT_EMIT_LOC_STRINGS = YES;
				SWIFT_VERSION = 5.0;
				TARGETED_DEVICE_FAMILY = "1,2";
			};
			name = Debug;
		};
		413CA7502A1A6BDF00818D03 /* Release */ = {
			isa = XCBuildConfiguration;
			buildSettings = {
				ASSETCATALOG_COMPILER_APPICON_NAME = AppIcon;
				ASSETCATALOG_COMPILER_GLOBAL_ACCENT_COLOR_NAME = AccentColor;
				CODE_SIGN_STYLE = Automatic;
				CURRENT_PROJECT_VERSION = 1;
				DEVELOPMENT_ASSET_PATHS = "\"BudgetPal/Preview Content\"";
				ENABLE_PREVIEWS = YES;
				GENERATE_INFOPLIST_FILE = YES;
				INFOPLIST_KEY_UIApplicationSceneManifest_Generation = YES;
				INFOPLIST_KEY_UIApplicationSupportsIndirectInputEvents = YES;
				INFOPLIST_KEY_UILaunchScreen_Generation = YES;
				INFOPLIST_KEY_UISupportedInterfaceOrientations_iPad = "UIInterfaceOrientationPortrait UIInterfaceOrientationPortraitUpsideDown UIInterfaceOrientationLandscapeLeft UIInterfaceOrientationLandscapeRight";
				INFOPLIST_KEY_UISupportedInterfaceOrientations_iPhone = "UIInterfaceOrientationPortrait UIInterfaceOrientationLandscapeLeft UIInterfaceOrientationLandscapeRight";
				LD_RUNPATH_SEARCH_PATHS = (
					"$(inherited)",
					"@executable_path/Frameworks",
				);
				MARKETING_VERSION = 1.0;
				PRODUCT_BUNDLE_IDENTIFIER = KulkaCorp.BudgetPal;
				PRODUCT_NAME = "$(TARGET_NAME)";
				SWIFT_EMIT_LOC_STRINGS = YES;
				SWIFT_VERSION = 5.0;
				TARGETED_DEVICE_FAMILY = "1,2";
			};
			name = Release;
		};
		413CA7522A1A6BDF00818D03 /* Debug */ = {
			isa = XCBuildConfiguration;
			buildSettings = {
				ALWAYS_EMBED_SWIFT_STANDARD_LIBRARIES = YES;
				BUNDLE_LOADER = "$(TEST_HOST)";
				CODE_SIGN_STYLE = Automatic;
				CURRENT_PROJECT_VERSION = 1;
				GENERATE_INFOPLIST_FILE = YES;
				IPHONEOS_DEPLOYMENT_TARGET = 16.4;
				MARKETING_VERSION = 1.0;
				PRODUCT_BUNDLE_IDENTIFIER = KulkaCorp.BudgetPalTests;
				PRODUCT_NAME = "$(TARGET_NAME)";
				SWIFT_EMIT_LOC_STRINGS = NO;
				SWIFT_VERSION = 5.0;
				TARGETED_DEVICE_FAMILY = "1,2";
				TEST_HOST = "$(BUILT_PRODUCTS_DIR)/BudgetPal.app/$(BUNDLE_EXECUTABLE_FOLDER_PATH)/BudgetPal";
			};
			name = Debug;
		};
		413CA7532A1A6BDF00818D03 /* Release */ = {
			isa = XCBuildConfiguration;
			buildSettings = {
				ALWAYS_EMBED_SWIFT_STANDARD_LIBRARIES = YES;
				BUNDLE_LOADER = "$(TEST_HOST)";
				CODE_SIGN_STYLE = Automatic;
				CURRENT_PROJECT_VERSION = 1;
				GENERATE_INFOPLIST_FILE = YES;
				IPHONEOS_DEPLOYMENT_TARGET = 16.4;
				MARKETING_VERSION = 1.0;
				PRODUCT_BUNDLE_IDENTIFIER = KulkaCorp.BudgetPalTests;
				PRODUCT_NAME = "$(TARGET_NAME)";
				SWIFT_EMIT_LOC_STRINGS = NO;
				SWIFT_VERSION = 5.0;
				TARGETED_DEVICE_FAMILY = "1,2";
				TEST_HOST = "$(BUILT_PRODUCTS_DIR)/BudgetPal.app/$(BUNDLE_EXECUTABLE_FOLDER_PATH)/BudgetPal";
			};
			name = Release;
		};
		413CA7552A1A6BDF00818D03 /* Debug */ = {
			isa = XCBuildConfiguration;
			buildSettings = {
				ALWAYS_EMBED_SWIFT_STANDARD_LIBRARIES = YES;
				CODE_SIGN_STYLE = Automatic;
				CURRENT_PROJECT_VERSION = 1;
				GENERATE_INFOPLIST_FILE = YES;
				MARKETING_VERSION = 1.0;
				PRODUCT_BUNDLE_IDENTIFIER = KulkaCorp.BudgetPalUITests;
				PRODUCT_NAME = "$(TARGET_NAME)";
				SWIFT_EMIT_LOC_STRINGS = NO;
				SWIFT_VERSION = 5.0;
				TARGETED_DEVICE_FAMILY = "1,2";
				TEST_TARGET_NAME = BudgetPal;
			};
			name = Debug;
		};
		413CA7562A1A6BDF00818D03 /* Release */ = {
			isa = XCBuildConfiguration;
			buildSettings = {
				ALWAYS_EMBED_SWIFT_STANDARD_LIBRARIES = YES;
				CODE_SIGN_STYLE = Automatic;
				CURRENT_PROJECT_VERSION = 1;
				GENERATE_INFOPLIST_FILE = YES;
				MARKETING_VERSION = 1.0;
				PRODUCT_BUNDLE_IDENTIFIER = KulkaCorp.BudgetPalUITests;
				PRODUCT_NAME = "$(TARGET_NAME)";
				SWIFT_EMIT_LOC_STRINGS = NO;
				SWIFT_VERSION = 5.0;
				TARGETED_DEVICE_FAMILY = "1,2";
				TEST_TARGET_NAME = BudgetPal;
			};
			name = Release;
		};
/* End XCBuildConfiguration section */

/* Begin XCConfigurationList section */
		413CA7252A1A6BDD00818D03 /* Build configuration list for PBXProject "BudgetPal" */ = {
			isa = XCConfigurationList;
			buildConfigurations = (
				413CA74C2A1A6BDF00818D03 /* Debug */,
				413CA74D2A1A6BDF00818D03 /* Release */,
			);
			defaultConfigurationIsVisible = 0;
			defaultConfigurationName = Release;
		};
		413CA74E2A1A6BDF00818D03 /* Build configuration list for PBXNativeTarget "BudgetPal" */ = {
			isa = XCConfigurationList;
			buildConfigurations = (
				413CA74F2A1A6BDF00818D03 /* Debug */,
				413CA7502A1A6BDF00818D03 /* Release */,
			);
			defaultConfigurationIsVisible = 0;
			defaultConfigurationName = Release;
		};
		413CA7512A1A6BDF00818D03 /* Build configuration list for PBXNativeTarget "BudgetPalTests" */ = {
			isa = XCConfigurationList;
			buildConfigurations = (
				413CA7522A1A6BDF00818D03 /* Debug */,
				413CA7532A1A6BDF00818D03 /* Release */,
			);
			defaultConfigurationIsVisible = 0;
			defaultConfigurationName = Release;
		};
		413CA7542A1A6BDF00818D03 /* Build configuration list for PBXNativeTarget "BudgetPalUITests" */ = {
			isa = XCConfigurationList;
			buildConfigurations = (
				413CA7552A1A6BDF00818D03 /* Debug */,
				413CA7562A1A6BDF00818D03 /* Release */,
			);
			defaultConfigurationIsVisible = 0;
			defaultConfigurationName = Release;
		};
/* End XCConfigurationList section */
	};
	rootObject = 413CA7222A1A6BDD00818D03 /* Project object */;
}
